
Microsoft Visual Studio Solution File, Format Version 12.00
# Visual Studio Version 17
VisualStudioVersion = 17.14.36202.13 d17.14
MinimumVisualStudioVersion = 10.0.40219.1
Project("{FAE04EC0-301F-11D3-BF4B-00C04F79EFBC}") = "booking_history_service", "booking_history_service.csproj", "{C0732B62-2734-4026-B809-41D9E1E30135}"
EndProject
Global
	GlobalSection(SolutionConfigurationPlatforms) = preSolution
		Debug|Any CPU = Debug|Any CPU
		Release|Any CPU = Release|Any CPU
	EndGlobalSection
	GlobalSection(ProjectConfigurationPlatforms) = postSolution
		{C0732B62-2734-4026-B809-41D9E1E30135}.Debug|Any CPU.ActiveCfg = Debug|Any CPU
		{C0732B62-2734-4026-B809-41D9E1E30135}.Debug|Any CPU.Build.0 = Debug|Any CPU
		{C0732B62-2734-4026-B809-41D9E1E30135}.Release|Any CPU.ActiveCfg = Release|Any CPU
		{C0732B62-2734-4026-B809-41D9E1E30135}.Release|Any CPU.Build.0 = Release|Any CPU
	EndGlobalSection
	GlobalSection(SolutionProperties) = preSolution
		HideSolutionNode = FALSE
	EndGlobalSection
	GlobalSection(ExtensibilityGlobals) = postSolution
		SolutionGuid = {8A7D0515-BED2-4341-BE35-F7C3BE03CC27}
	EndGlobalSection
EndGlobal
