
Microsoft Visual Studio Solution File, Format Version 12.00
# Visual Studio Version 17
VisualStudioVersion = 17.14.36202.13 d17.14
MinimumVisualStudioVersion = 10.0.40219.1
Project("{FAE04EC0-301F-11D3-BF4B-00C04F79EFBC}") = "booking_client", "booking_client.csproj", "{474900B9-97C4-44F9-AC9D-E4A415B0B257}"
EndProject
Global
	GlobalSection(SolutionConfigurationPlatforms) = preSolution
		Debug|Any CPU = Debug|Any CPU
		Release|Any CPU = Release|Any CPU
	EndGlobalSection
	GlobalSection(ProjectConfigurationPlatforms) = postSolution
		{474900B9-97C4-44F9-AC9D-E4A415B0B257}.Debug|Any CPU.ActiveCfg = Debug|Any CPU
		{474900B9-97C4-44F9-AC9D-E4A415B0B257}.Debug|Any CPU.Build.0 = Debug|Any CPU
		{474900B9-97C4-44F9-AC9D-E4A415B0B257}.Release|Any CPU.ActiveCfg = Release|Any CPU
		{474900B9-97C4-44F9-AC9D-E4A415B0B257}.Release|Any CPU.Build.0 = Release|Any CPU
	EndGlobalSection
	GlobalSection(SolutionProperties) = preSolution
		HideSolutionNode = FALSE
	EndGlobalSection
	GlobalSection(ExtensibilityGlobals) = postSolution
		SolutionGuid = {FD8309C1-E995-4668-81A5-31EEE7385C44}
	EndGlobalSection
EndGlobal
